
Microsoft Visual Studio Solution File, Format Version 12.00
# Visual Studio Version 17
VisualStudioVersion = 17.3.32901.215
MinimumVisualStudioVersion = 10.0.40219.1
Project("{FAE04EC0-301F-11D3-BF4B-00C04F79EFBC}") = "P9_1214074", "P9_1214074\P9_1214074.csproj", "{5AE4A36B-3AF8-4822-ADFF-867565E7B354}"
EndProject
Global
	GlobalSection(SolutionConfigurationPlatforms) = preSolution
		Debug|Any CPU = Debug|Any CPU
		Release|Any CPU = Release|Any CPU
	EndGlobalSection
	GlobalSection(ProjectConfigurationPlatforms) = postSolution
		{5AE4A36B-3AF8-4822-ADFF-867565E7B354}.Debug|Any CPU.ActiveCfg = Debug|Any CPU
		{5AE4A36B-3AF8-4822-ADFF-867565E7B354}.Debug|Any CPU.Build.0 = Debug|Any CPU
		{5AE4A36B-3AF8-4822-ADFF-867565E7B354}.Release|Any CPU.ActiveCfg = Release|Any CPU
		{5AE4A36B-3AF8-4822-ADFF-867565E7B354}.Release|Any CPU.Build.0 = Release|Any CPU
	EndGlobalSection
	GlobalSection(SolutionProperties) = preSolution
		HideSolutionNode = FALSE
	EndGlobalSection
	GlobalSection(ExtensibilityGlobals) = postSolution
		SolutionGuid = {2A8EBE71-E132-4907-8947-BB7B71BE139D}
	EndGlobalSection
EndGlobal
